
Microsoft Visual Studio Solution File, Format Version 12.00
# Visual Studio 2015
Project("{FAE04EC0-301F-11D3-BF4B-00C04F79EFBC}") = "UnityBiped.CSharp", "UnityBiped.CSharp.csproj", "{C5381B66-3E4D-898F-E767-B980CEA169A5}"
EndProject
Project("{FAE04EC0-301F-11D3-BF4B-00C04F79EFBC}") = "UnityBiped.CSharp.Editor", "UnityBiped.CSharp.Editor.csproj", "{E539CE74-270B-8604-9BC2-06C57263B1BD}"
EndProject
Global
	GlobalSection(SolutionConfigurationPlatforms) = preSolution
		Debug|Any CPU = Debug|Any CPU
		Release|Any CPU = Release|Any CPU
	EndGlobalSection
	GlobalSection(ProjectConfigurationPlatforms) = postSolution
		{C5381B66-3E4D-898F-E767-B980CEA169A5}.Debug|Any CPU.ActiveCfg = Debug|Any CPU
		{C5381B66-3E4D-898F-E767-B980CEA169A5}.Debug|Any CPU.Build.0 = Debug|Any CPU
		{C5381B66-3E4D-898F-E767-B980CEA169A5}.Release|Any CPU.ActiveCfg = Release|Any CPU
		{C5381B66-3E4D-898F-E767-B980CEA169A5}.Release|Any CPU.Build.0 = Release|Any CPU
		{E539CE74-270B-8604-9BC2-06C57263B1BD}.Debug|Any CPU.ActiveCfg = Debug|Any CPU
		{E539CE74-270B-8604-9BC2-06C57263B1BD}.Debug|Any CPU.Build.0 = Debug|Any CPU
		{E539CE74-270B-8604-9BC2-06C57263B1BD}.Release|Any CPU.ActiveCfg = Release|Any CPU
		{E539CE74-270B-8604-9BC2-06C57263B1BD}.Release|Any CPU.Build.0 = Release|Any CPU
	EndGlobalSection
	GlobalSection(SolutionProperties) = preSolution
		HideSolutionNode = FALSE
	EndGlobalSection
EndGlobal
